
Microsoft Visual Studio Solution File, Format Version 12.00
# Visual Studio Version 17
VisualStudioVersion = 17.2.32602.215
MinimumVisualStudioVersion = 10.0.40219.1
Project("{8BC9CEB8-8B4A-11D0-8D11-00A0C91BC942}") = "Project1", "Project1\Project1.vcxproj", "{88392729-CED6-46DD-8280-19927CA5E972}"
EndProject
Project("{8BC9CEB8-8B4A-11D0-8D11-00A0C91BC942}") = "tiff", "..\tiff-4.4.0\libtiff\tiff.vcxproj", "{C8145B6D-E054-3E2F-8EA0-1A58DFF78B81}"
EndProject
Global
	GlobalSection(SolutionConfigurationPlatforms) = preSolution
		Debug|x64 = Debug|x64
		Debug|x86 = Debug|x86
		MinSizeRel|x64 = MinSizeRel|x64
		MinSizeRel|x86 = MinSizeRel|x86
		Release|x64 = Release|x64
		Release|x86 = Release|x86
		RelWithDebInfo|x64 = RelWithDebInfo|x64
		RelWithDebInfo|x86 = RelWithDebInfo|x86
	EndGlobalSection
	GlobalSection(ProjectConfigurationPlatforms) = postSolution
		{88392729-CED6-46DD-8280-19927CA5E972}.Debug|x64.ActiveCfg = Debug|x64
		{88392729-CED6-46DD-8280-19927CA5E972}.Debug|x64.Build.0 = Debug|x64
		{88392729-CED6-46DD-8280-19927CA5E972}.Debug|x86.ActiveCfg = Debug|Win32
		{88392729-CED6-46DD-8280-19927CA5E972}.Debug|x86.Build.0 = Debug|Win32
		{88392729-CED6-46DD-8280-19927CA5E972}.MinSizeRel|x64.ActiveCfg = Debug|x64
		{88392729-CED6-46DD-8280-19927CA5E972}.MinSizeRel|x64.Build.0 = Debug|x64
		{88392729-CED6-46DD-8280-19927CA5E972}.MinSizeRel|x86.ActiveCfg = Debug|Win32
		{88392729-CED6-46DD-8280-19927CA5E972}.MinSizeRel|x86.Build.0 = Debug|Win32
		{88392729-CED6-46DD-8280-19927CA5E972}.Release|x64.ActiveCfg = Release|x64
		{88392729-CED6-46DD-8280-19927CA5E972}.Release|x64.Build.0 = Release|x64
		{88392729-CED6-46DD-8280-19927CA5E972}.Release|x86.ActiveCfg = Release|Win32
		{88392729-CED6-46DD-8280-19927CA5E972}.Release|x86.Build.0 = Release|Win32
		{88392729-CED6-46DD-8280-19927CA5E972}.RelWithDebInfo|x64.ActiveCfg = Release|x64
		{88392729-CED6-46DD-8280-19927CA5E972}.RelWithDebInfo|x64.Build.0 = Release|x64
		{88392729-CED6-46DD-8280-19927CA5E972}.RelWithDebInfo|x86.ActiveCfg = Release|Win32
		{88392729-CED6-46DD-8280-19927CA5E972}.RelWithDebInfo|x86.Build.0 = Release|Win32
		{C8145B6D-E054-3E2F-8EA0-1A58DFF78B81}.Debug|x64.ActiveCfg = Debug|x64
		{C8145B6D-E054-3E2F-8EA0-1A58DFF78B81}.Debug|x64.Build.0 = Debug|x64
		{C8145B6D-E054-3E2F-8EA0-1A58DFF78B81}.Debug|x86.ActiveCfg = Debug|x64
		{C8145B6D-E054-3E2F-8EA0-1A58DFF78B81}.Debug|x86.Build.0 = Debug|x64
		{C8145B6D-E054-3E2F-8EA0-1A58DFF78B81}.MinSizeRel|x64.ActiveCfg = MinSizeRel|x64
		{C8145B6D-E054-3E2F-8EA0-1A58DFF78B81}.MinSizeRel|x64.Build.0 = MinSizeRel|x64
		{C8145B6D-E054-3E2F-8EA0-1A58DFF78B81}.MinSizeRel|x86.ActiveCfg = MinSizeRel|x64
		{C8145B6D-E054-3E2F-8EA0-1A58DFF78B81}.MinSizeRel|x86.Build.0 = MinSizeRel|x64
		{C8145B6D-E054-3E2F-8EA0-1A58DFF78B81}.Release|x64.ActiveCfg = Release|x64
		{C8145B6D-E054-3E2F-8EA0-1A58DFF78B81}.Release|x64.Build.0 = Release|x64
		{C8145B6D-E054-3E2F-8EA0-1A58DFF78B81}.Release|x86.ActiveCfg = Release|x64
		{C8145B6D-E054-3E2F-8EA0-1A58DFF78B81}.Release|x86.Build.0 = Release|x64
		{C8145B6D-E054-3E2F-8EA0-1A58DFF78B81}.RelWithDebInfo|x64.ActiveCfg = RelWithDebInfo|x64
		{C8145B6D-E054-3E2F-8EA0-1A58DFF78B81}.RelWithDebInfo|x64.Build.0 = RelWithDebInfo|x64
		{C8145B6D-E054-3E2F-8EA0-1A58DFF78B81}.RelWithDebInfo|x86.ActiveCfg = RelWithDebInfo|x64
		{C8145B6D-E054-3E2F-8EA0-1A58DFF78B81}.RelWithDebInfo|x86.Build.0 = RelWithDebInfo|x64
	EndGlobalSection
	GlobalSection(SolutionProperties) = preSolution
		HideSolutionNode = FALSE
	EndGlobalSection
	GlobalSection(ExtensibilityGlobals) = postSolution
		SolutionGuid = {61425B1E-C573-47A5-960C-C9D999E1D5DD}
	EndGlobalSection
EndGlobal
