<?xml version="1.0" encoding="utf-8"?>
<Project ToolsVersion="17.0" xmlns="http://schemas.microsoft.com/developer/msbuild/2003">
  <ItemGroup>
    <CustomBuild Include="C:\Users\ttn\Desktop\libtiff_visual_studio\tiff-4.4.0\CMakeFiles\70a7d79289c9c7f0b39341edde1c6020\RUN_TESTS_force.rule">
      <Filter>CMake Rules</Filter>
    </CustomBuild>
  </ItemGroup>
  <ItemGroup>
    <Filter Include="CMake Rules">
      <UniqueIdentifier>{81545912-AE1F-3DD6-8CD2-5375A9388A7B}</UniqueIdentifier>
    </Filter>
  </ItemGroup>
</Project>
