
Microsoft Visual Studio Solution File, Format Version 12.00
# Visual Studio Version 17
Project("{8BC9CEB8-8B4A-11D0-8D11-00A0C91BC942}") = "ALL_BUILD", "ALL_BUILD.vcxproj", "{6DACE289-FE42-3309-BDF7-36B76D9DCC48}"
	ProjectSection(ProjectDependencies) = postProject
		{2ED8F227-0381-3905-BD8D-E0D64E52927E} = {2ED8F227-0381-3905-BD8D-E0D64E52927E}
		{026CAE23-9C45-3E8F-AAA1-A45E60EA62BD} = {026CAE23-9C45-3E8F-AAA1-A45E60EA62BD}
		{CA6DED8C-94D0-3078-AB85-A5120E09DB3B} = {CA6DED8C-94D0-3078-AB85-A5120E09DB3B}
		{3AB25C3D-BFC2-324B-83F9-F721E19FC1EC} = {3AB25C3D-BFC2-324B-83F9-F721E19FC1EC}
		{B2DAA89F-0B85-32DC-8E01-A13C53DA76BB} = {B2DAA89F-0B85-32DC-8E01-A13C53DA76BB}
		{6A532B9B-9BDE-3AFF-AC40-971BBA99F6B4} = {6A532B9B-9BDE-3AFF-AC40-971BBA99F6B4}
		{0DEDA3D8-C8FE-3A6E-BD8F-8CAFF074718E} = {0DEDA3D8-C8FE-3A6E-BD8F-8CAFF074718E}
		{53CB803B-2262-3DD1-A4B5-CCB216BA138B} = {53CB803B-2262-3DD1-A4B5-CCB216BA138B}
		{BA752A2F-C1F2-3F54-AACD-7E4602591299} = {BA752A2F-C1F2-3F54-AACD-7E4602591299}
		{2994C6A4-0A28-359E-8DE2-8BD2C7F38744} = {2994C6A4-0A28-359E-8DE2-8BD2C7F38744}
		{90C2609E-5F26-3379-9A90-838E20A713FE} = {90C2609E-5F26-3379-9A90-838E20A713FE}
		{48A7D0DB-8070-3595-9221-F63E1BB17F62} = {48A7D0DB-8070-3595-9221-F63E1BB17F62}
		{77A59528-E3C0-3F11-8011-0B0896558BDB} = {77A59528-E3C0-3F11-8011-0B0896558BDB}
		{74B92132-5969-3944-B785-9D51252EEF14} = {74B92132-5969-3944-B785-9D51252EEF14}
		{4BDA29FF-3998-3AB3-9BB2-8634C34E7C8C} = {4BDA29FF-3998-3AB3-9BB2-8634C34E7C8C}
		{C0663D1A-C16B-32AE-BDEE-8978A41902BF} = {C0663D1A-C16B-32AE-BDEE-8978A41902BF}
		{6BF34A7D-01AD-39C5-BE0D-86EA2D887473} = {6BF34A7D-01AD-39C5-BE0D-86EA2D887473}
		{1836A4CC-9FF4-30E9-B3AF-69A3CE639AF1} = {1836A4CC-9FF4-30E9-B3AF-69A3CE639AF1}
		{15CC6FF4-CE02-3507-81BB-134FAE796538} = {15CC6FF4-CE02-3507-81BB-134FAE796538}
		{754C9F61-A721-3C8F-86E6-29179D611B1F} = {754C9F61-A721-3C8F-86E6-29179D611B1F}
		{72BDDD08-DD79-3938-B3BB-A191BFAD6883} = {72BDDD08-DD79-3938-B3BB-A191BFAD6883}
		{D262F7A1-FF6D-3F52-9BB3-BD79706BAF6C} = {D262F7A1-FF6D-3F52-9BB3-BD79706BAF6C}
		{C0BA9F0E-20AF-3B86-889A-9940CE3423D7} = {C0BA9F0E-20AF-3B86-889A-9940CE3423D7}
		{DD4CD36E-54C6-3CB2-A593-42A4217C866F} = {DD4CD36E-54C6-3CB2-A593-42A4217C866F}
		{C8145B6D-E054-3E2F-8EA0-1A58DFF78B81} = {C8145B6D-E054-3E2F-8EA0-1A58DFF78B81}
		{61F3F7D5-F8B0-36EC-A589-45D85E53CCD2} = {61F3F7D5-F8B0-36EC-A589-45D85E53CCD2}
		{2BA3450A-1D05-3816-971A-D78BDC60A604} = {2BA3450A-1D05-3816-971A-D78BDC60A604}
		{2B2B77C7-3C3B-382B-9EEE-D7073725CF77} = {2B2B77C7-3C3B-382B-9EEE-D7073725CF77}
		{42F07552-9E1F-315E-8D94-FF78D06FB01B} = {42F07552-9E1F-315E-8D94-FF78D06FB01B}
		{30BAC6A5-FE98-354A-9D3F-EBC86D38B75F} = {30BAC6A5-FE98-354A-9D3F-EBC86D38B75F}
		{2C4B5BD7-A772-3577-9362-A7967D1CC676} = {2C4B5BD7-A772-3577-9362-A7967D1CC676}
		{8BC4F649-C335-3B95-B381-7A41463E59A5} = {8BC4F649-C335-3B95-B381-7A41463E59A5}
		{CABA4CFE-6FDB-3319-85D8-A19B1691E33C} = {CABA4CFE-6FDB-3319-85D8-A19B1691E33C}
		{8C59763B-8502-3B36-B2F8-28D4E34291B2} = {8C59763B-8502-3B36-B2F8-28D4E34291B2}
		{B32779E0-0EBC-3801-8CA3-B2053E22D59E} = {B32779E0-0EBC-3801-8CA3-B2053E22D59E}
		{9C27A73A-DFB8-369E-B13B-87183F40A625} = {9C27A73A-DFB8-369E-B13B-87183F40A625}
		{8D84A866-F9CF-3EC0-A092-58C682A18695} = {8D84A866-F9CF-3EC0-A092-58C682A18695}
		{E2E1E629-4CD7-3663-BB91-DFE94E7DC7E4} = {E2E1E629-4CD7-3663-BB91-DFE94E7DC7E4}
		{733D0013-107A-3246-8EBE-1E3A86D0B4F3} = {733D0013-107A-3246-8EBE-1E3A86D0B4F3}
		{47CE0035-781F-31EA-B985-05DA33F71B46} = {47CE0035-781F-31EA-B985-05DA33F71B46}
		{E5A6BFC0-97F6-38EE-A720-44A8B9152E98} = {E5A6BFC0-97F6-38EE-A720-44A8B9152E98}
		{D558DAD2-1210-351C-938B-8E91BD23D7E2} = {D558DAD2-1210-351C-938B-8E91BD23D7E2}
		{5D6EE42F-E91D-3212-A738-4DE8575C8634} = {5D6EE42F-E91D-3212-A738-4DE8575C8634}
	EndProjectSection
EndProject
Project("{8BC9CEB8-8B4A-11D0-8D11-00A0C91BC942}") = "INSTALL", "INSTALL.vcxproj", "{0024367A-54AE-3BDD-AA7B-98DF8EB8820E}"
	ProjectSection(ProjectDependencies) = postProject
		{6DACE289-FE42-3309-BDF7-36B76D9DCC48} = {6DACE289-FE42-3309-BDF7-36B76D9DCC48}
		{2ED8F227-0381-3905-BD8D-E0D64E52927E} = {2ED8F227-0381-3905-BD8D-E0D64E52927E}
	EndProjectSection
EndProject
Project("{8BC9CEB8-8B4A-11D0-8D11-00A0C91BC942}") = "RUN_TESTS", "RUN_TESTS.vcxproj", "{DFE2B303-332B-3710-82C9-010C1E57B5D6}"
	ProjectSection(ProjectDependencies) = postProject
		{2ED8F227-0381-3905-BD8D-E0D64E52927E} = {2ED8F227-0381-3905-BD8D-E0D64E52927E}
	EndProjectSection
EndProject
Project("{8BC9CEB8-8B4A-11D0-8D11-00A0C91BC942}") = "ZERO_CHECK", "ZERO_CHECK.vcxproj", "{2ED8F227-0381-3905-BD8D-E0D64E52927E}"
	ProjectSection(ProjectDependencies) = postProject
	EndProjectSection
EndProject
Project("{8BC9CEB8-8B4A-11D0-8D11-00A0C91BC942}") = "addtiffo", "contrib\addtiffo\addtiffo.vcxproj", "{026CAE23-9C45-3E8F-AAA1-A45E60EA62BD}"
	ProjectSection(ProjectDependencies) = postProject
		{2ED8F227-0381-3905-BD8D-E0D64E52927E} = {2ED8F227-0381-3905-BD8D-E0D64E52927E}
		{74B92132-5969-3944-B785-9D51252EEF14} = {74B92132-5969-3944-B785-9D51252EEF14}
		{C8145B6D-E054-3E2F-8EA0-1A58DFF78B81} = {C8145B6D-E054-3E2F-8EA0-1A58DFF78B81}
	EndProjectSection
EndProject
Project("{8BC9CEB8-8B4A-11D0-8D11-00A0C91BC942}") = "ascii_tag", "test\ascii_tag.vcxproj", "{CA6DED8C-94D0-3078-AB85-A5120E09DB3B}"
	ProjectSection(ProjectDependencies) = postProject
		{2ED8F227-0381-3905-BD8D-E0D64E52927E} = {2ED8F227-0381-3905-BD8D-E0D64E52927E}
		{74B92132-5969-3944-B785-9D51252EEF14} = {74B92132-5969-3944-B785-9D51252EEF14}
		{C8145B6D-E054-3E2F-8EA0-1A58DFF78B81} = {C8145B6D-E054-3E2F-8EA0-1A58DFF78B81}
	EndProjectSection
EndProject
Project("{8BC9CEB8-8B4A-11D0-8D11-00A0C91BC942}") = "custom_dir", "test\custom_dir.vcxproj", "{3AB25C3D-BFC2-324B-83F9-F721E19FC1EC}"
	ProjectSection(ProjectDependencies) = postProject
		{2ED8F227-0381-3905-BD8D-E0D64E52927E} = {2ED8F227-0381-3905-BD8D-E0D64E52927E}
		{74B92132-5969-3944-B785-9D51252EEF14} = {74B92132-5969-3944-B785-9D51252EEF14}
		{C8145B6D-E054-3E2F-8EA0-1A58DFF78B81} = {C8145B6D-E054-3E2F-8EA0-1A58DFF78B81}
	EndProjectSection
EndProject
Project("{8BC9CEB8-8B4A-11D0-8D11-00A0C91BC942}") = "custom_dir_EXIF_231", "test\custom_dir_EXIF_231.vcxproj", "{B2DAA89F-0B85-32DC-8E01-A13C53DA76BB}"
	ProjectSection(ProjectDependencies) = postProject
		{2ED8F227-0381-3905-BD8D-E0D64E52927E} = {2ED8F227-0381-3905-BD8D-E0D64E52927E}
		{74B92132-5969-3944-B785-9D51252EEF14} = {74B92132-5969-3944-B785-9D51252EEF14}
		{C8145B6D-E054-3E2F-8EA0-1A58DFF78B81} = {C8145B6D-E054-3E2F-8EA0-1A58DFF78B81}
	EndProjectSection
EndProject
Project("{8BC9CEB8-8B4A-11D0-8D11-00A0C91BC942}") = "defer_strile_loading", "test\defer_strile_loading.vcxproj", "{6A532B9B-9BDE-3AFF-AC40-971BBA99F6B4}"
	ProjectSection(ProjectDependencies) = postProject
		{2ED8F227-0381-3905-BD8D-E0D64E52927E} = {2ED8F227-0381-3905-BD8D-E0D64E52927E}
		{74B92132-5969-3944-B785-9D51252EEF14} = {74B92132-5969-3944-B785-9D51252EEF14}
		{C8145B6D-E054-3E2F-8EA0-1A58DFF78B81} = {C8145B6D-E054-3E2F-8EA0-1A58DFF78B81}
	EndProjectSection
EndProject
Project("{8BC9CEB8-8B4A-11D0-8D11-00A0C91BC942}") = "defer_strile_writing", "test\defer_strile_writing.vcxproj", "{0DEDA3D8-C8FE-3A6E-BD8F-8CAFF074718E}"
	ProjectSection(ProjectDependencies) = postProject
		{2ED8F227-0381-3905-BD8D-E0D64E52927E} = {2ED8F227-0381-3905-BD8D-E0D64E52927E}
		{74B92132-5969-3944-B785-9D51252EEF14} = {74B92132-5969-3944-B785-9D51252EEF14}
		{C8145B6D-E054-3E2F-8EA0-1A58DFF78B81} = {C8145B6D-E054-3E2F-8EA0-1A58DFF78B81}
	EndProjectSection
EndProject
Project("{8BC9CEB8-8B4A-11D0-8D11-00A0C91BC942}") = "fax2ps", "tools\fax2ps.vcxproj", "{53CB803B-2262-3DD1-A4B5-CCB216BA138B}"
	ProjectSection(ProjectDependencies) = postProject
		{2ED8F227-0381-3905-BD8D-E0D64E52927E} = {2ED8F227-0381-3905-BD8D-E0D64E52927E}
		{74B92132-5969-3944-B785-9D51252EEF14} = {74B92132-5969-3944-B785-9D51252EEF14}
		{C8145B6D-E054-3E2F-8EA0-1A58DFF78B81} = {C8145B6D-E054-3E2F-8EA0-1A58DFF78B81}
	EndProjectSection
EndProject
Project("{8BC9CEB8-8B4A-11D0-8D11-00A0C91BC942}") = "fax2tiff", "tools\fax2tiff.vcxproj", "{BA752A2F-C1F2-3F54-AACD-7E4602591299}"
	ProjectSection(ProjectDependencies) = postProject
		{2ED8F227-0381-3905-BD8D-E0D64E52927E} = {2ED8F227-0381-3905-BD8D-E0D64E52927E}
		{74B92132-5969-3944-B785-9D51252EEF14} = {74B92132-5969-3944-B785-9D51252EEF14}
		{C8145B6D-E054-3E2F-8EA0-1A58DFF78B81} = {C8145B6D-E054-3E2F-8EA0-1A58DFF78B81}
	EndProjectSection
EndProject
Project("{8BC9CEB8-8B4A-11D0-8D11-00A0C91BC942}") = "faxtable", "libtiff\faxtable.vcxproj", "{BB19083B-647D-3162-A293-108BA47678D0}"
	ProjectSection(ProjectDependencies) = postProject
		{2ED8F227-0381-3905-BD8D-E0D64E52927E} = {2ED8F227-0381-3905-BD8D-E0D64E52927E}
		{48A7D0DB-8070-3595-9221-F63E1BB17F62} = {48A7D0DB-8070-3595-9221-F63E1BB17F62}
	EndProjectSection
EndProject
Project("{8BC9CEB8-8B4A-11D0-8D11-00A0C91BC942}") = "htmldoc", "html\man\htmldoc.vcxproj", "{7E9E1226-B44A-39FE-9A7C-CC87DE299005}"
	ProjectSection(ProjectDependencies) = postProject
		{2ED8F227-0381-3905-BD8D-E0D64E52927E} = {2ED8F227-0381-3905-BD8D-E0D64E52927E}
	EndProjectSection
EndProject
Project("{8BC9CEB8-8B4A-11D0-8D11-00A0C91BC942}") = "iptcutil", "contrib\iptcutil\iptcutil.vcxproj", "{2994C6A4-0A28-359E-8DE2-8BD2C7F38744}"
	ProjectSection(ProjectDependencies) = postProject
		{2ED8F227-0381-3905-BD8D-E0D64E52927E} = {2ED8F227-0381-3905-BD8D-E0D64E52927E}
		{74B92132-5969-3944-B785-9D51252EEF14} = {74B92132-5969-3944-B785-9D51252EEF14}
		{C8145B6D-E054-3E2F-8EA0-1A58DFF78B81} = {C8145B6D-E054-3E2F-8EA0-1A58DFF78B81}
	EndProjectSection
EndProject
Project("{8BC9CEB8-8B4A-11D0-8D11-00A0C91BC942}") = "long_tag", "test\long_tag.vcxproj", "{90C2609E-5F26-3379-9A90-838E20A713FE}"
	ProjectSection(ProjectDependencies) = postProject
		{2ED8F227-0381-3905-BD8D-E0D64E52927E} = {2ED8F227-0381-3905-BD8D-E0D64E52927E}
		{74B92132-5969-3944-B785-9D51252EEF14} = {74B92132-5969-3944-B785-9D51252EEF14}
		{C8145B6D-E054-3E2F-8EA0-1A58DFF78B81} = {C8145B6D-E054-3E2F-8EA0-1A58DFF78B81}
	EndProjectSection
EndProject
Project("{8BC9CEB8-8B4A-11D0-8D11-00A0C91BC942}") = "mkg3states", "libtiff\mkg3states.vcxproj", "{48A7D0DB-8070-3595-9221-F63E1BB17F62}"
	ProjectSection(ProjectDependencies) = postProject
		{2ED8F227-0381-3905-BD8D-E0D64E52927E} = {2ED8F227-0381-3905-BD8D-E0D64E52927E}
		{74B92132-5969-3944-B785-9D51252EEF14} = {74B92132-5969-3944-B785-9D51252EEF14}
		{C8145B6D-E054-3E2F-8EA0-1A58DFF78B81} = {C8145B6D-E054-3E2F-8EA0-1A58DFF78B81}
	EndProjectSection
EndProject
Project("{8BC9CEB8-8B4A-11D0-8D11-00A0C91BC942}") = "pal2rgb", "tools\pal2rgb.vcxproj", "{77A59528-E3C0-3F11-8011-0B0896558BDB}"
	ProjectSection(ProjectDependencies) = postProject
		{2ED8F227-0381-3905-BD8D-E0D64E52927E} = {2ED8F227-0381-3905-BD8D-E0D64E52927E}
		{74B92132-5969-3944-B785-9D51252EEF14} = {74B92132-5969-3944-B785-9D51252EEF14}
		{C8145B6D-E054-3E2F-8EA0-1A58DFF78B81} = {C8145B6D-E054-3E2F-8EA0-1A58DFF78B81}
	EndProjectSection
EndProject
Project("{8BC9CEB8-8B4A-11D0-8D11-00A0C91BC942}") = "port", "port\port.vcxproj", "{74B92132-5969-3944-B785-9D51252EEF14}"
	ProjectSection(ProjectDependencies) = postProject
		{2ED8F227-0381-3905-BD8D-E0D64E52927E} = {2ED8F227-0381-3905-BD8D-E0D64E52927E}
	EndProjectSection
EndProject
Project("{8BC9CEB8-8B4A-11D0-8D11-00A0C91BC942}") = "ppm2tiff", "tools\ppm2tiff.vcxproj", "{4BDA29FF-3998-3AB3-9BB2-8634C34E7C8C}"
	ProjectSection(ProjectDependencies) = postProject
		{2ED8F227-0381-3905-BD8D-E0D64E52927E} = {2ED8F227-0381-3905-BD8D-E0D64E52927E}
		{74B92132-5969-3944-B785-9D51252EEF14} = {74B92132-5969-3944-B785-9D51252EEF14}
		{C8145B6D-E054-3E2F-8EA0-1A58DFF78B81} = {C8145B6D-E054-3E2F-8EA0-1A58DFF78B81}
	EndProjectSection
EndProject
Project("{8BC9CEB8-8B4A-11D0-8D11-00A0C91BC942}") = "raw2tiff", "tools\raw2tiff.vcxproj", "{C0663D1A-C16B-32AE-BDEE-8978A41902BF}"
	ProjectSection(ProjectDependencies) = postProject
		{2ED8F227-0381-3905-BD8D-E0D64E52927E} = {2ED8F227-0381-3905-BD8D-E0D64E52927E}
		{74B92132-5969-3944-B785-9D51252EEF14} = {74B92132-5969-3944-B785-9D51252EEF14}
		{C8145B6D-E054-3E2F-8EA0-1A58DFF78B81} = {C8145B6D-E054-3E2F-8EA0-1A58DFF78B81}
	EndProjectSection
EndProject
Project("{8BC9CEB8-8B4A-11D0-8D11-00A0C91BC942}") = "release", "release.vcxproj", "{6E06ED8C-9D9C-3DFF-A81A-A41C9EBA860D}"
	ProjectSection(ProjectDependencies) = postProject
		{2ED8F227-0381-3905-BD8D-E0D64E52927E} = {2ED8F227-0381-3905-BD8D-E0D64E52927E}
	EndProjectSection
EndProject
Project("{8BC9CEB8-8B4A-11D0-8D11-00A0C91BC942}") = "rewrite", "test\rewrite.vcxproj", "{6BF34A7D-01AD-39C5-BE0D-86EA2D887473}"
	ProjectSection(ProjectDependencies) = postProject
		{2ED8F227-0381-3905-BD8D-E0D64E52927E} = {2ED8F227-0381-3905-BD8D-E0D64E52927E}
		{74B92132-5969-3944-B785-9D51252EEF14} = {74B92132-5969-3944-B785-9D51252EEF14}
		{C8145B6D-E054-3E2F-8EA0-1A58DFF78B81} = {C8145B6D-E054-3E2F-8EA0-1A58DFF78B81}
	EndProjectSection
EndProject
Project("{8BC9CEB8-8B4A-11D0-8D11-00A0C91BC942}") = "rgb2ycbcr", "tools\rgb2ycbcr.vcxproj", "{1836A4CC-9FF4-30E9-B3AF-69A3CE639AF1}"
	ProjectSection(ProjectDependencies) = postProject
		{2ED8F227-0381-3905-BD8D-E0D64E52927E} = {2ED8F227-0381-3905-BD8D-E0D64E52927E}
		{74B92132-5969-3944-B785-9D51252EEF14} = {74B92132-5969-3944-B785-9D51252EEF14}
		{C8145B6D-E054-3E2F-8EA0-1A58DFF78B81} = {C8145B6D-E054-3E2F-8EA0-1A58DFF78B81}
	EndProjectSection
EndProject
Project("{8BC9CEB8-8B4A-11D0-8D11-00A0C91BC942}") = "short_tag", "test\short_tag.vcxproj", "{15CC6FF4-CE02-3507-81BB-134FAE796538}"
	ProjectSection(ProjectDependencies) = postProject
		{2ED8F227-0381-3905-BD8D-E0D64E52927E} = {2ED8F227-0381-3905-BD8D-E0D64E52927E}
		{74B92132-5969-3944-B785-9D51252EEF14} = {74B92132-5969-3944-B785-9D51252EEF14}
		{C8145B6D-E054-3E2F-8EA0-1A58DFF78B81} = {C8145B6D-E054-3E2F-8EA0-1A58DFF78B81}
	EndProjectSection
EndProject
Project("{8BC9CEB8-8B4A-11D0-8D11-00A0C91BC942}") = "strip_rw", "test\strip_rw.vcxproj", "{754C9F61-A721-3C8F-86E6-29179D611B1F}"
	ProjectSection(ProjectDependencies) = postProject
		{2ED8F227-0381-3905-BD8D-E0D64E52927E} = {2ED8F227-0381-3905-BD8D-E0D64E52927E}
		{74B92132-5969-3944-B785-9D51252EEF14} = {74B92132-5969-3944-B785-9D51252EEF14}
		{C8145B6D-E054-3E2F-8EA0-1A58DFF78B81} = {C8145B6D-E054-3E2F-8EA0-1A58DFF78B81}
	EndProjectSection
EndProject
Project("{8BC9CEB8-8B4A-11D0-8D11-00A0C91BC942}") = "test_directory", "test\test_directory.vcxproj", "{72BDDD08-DD79-3938-B3BB-A191BFAD6883}"
	ProjectSection(ProjectDependencies) = postProject
		{2ED8F227-0381-3905-BD8D-E0D64E52927E} = {2ED8F227-0381-3905-BD8D-E0D64E52927E}
		{74B92132-5969-3944-B785-9D51252EEF14} = {74B92132-5969-3944-B785-9D51252EEF14}
		{C8145B6D-E054-3E2F-8EA0-1A58DFF78B81} = {C8145B6D-E054-3E2F-8EA0-1A58DFF78B81}
	EndProjectSection
EndProject
Project("{8BC9CEB8-8B4A-11D0-8D11-00A0C91BC942}") = "test_signed_tags", "test\test_signed_tags.vcxproj", "{D262F7A1-FF6D-3F52-9BB3-BD79706BAF6C}"
	ProjectSection(ProjectDependencies) = postProject
		{2ED8F227-0381-3905-BD8D-E0D64E52927E} = {2ED8F227-0381-3905-BD8D-E0D64E52927E}
		{74B92132-5969-3944-B785-9D51252EEF14} = {74B92132-5969-3944-B785-9D51252EEF14}
		{C8145B6D-E054-3E2F-8EA0-1A58DFF78B81} = {C8145B6D-E054-3E2F-8EA0-1A58DFF78B81}
	EndProjectSection
EndProject
Project("{8BC9CEB8-8B4A-11D0-8D11-00A0C91BC942}") = "testtypes", "test\testtypes.vcxproj", "{C0BA9F0E-20AF-3B86-889A-9940CE3423D7}"
	ProjectSection(ProjectDependencies) = postProject
		{2ED8F227-0381-3905-BD8D-E0D64E52927E} = {2ED8F227-0381-3905-BD8D-E0D64E52927E}
		{74B92132-5969-3944-B785-9D51252EEF14} = {74B92132-5969-3944-B785-9D51252EEF14}
		{C8145B6D-E054-3E2F-8EA0-1A58DFF78B81} = {C8145B6D-E054-3E2F-8EA0-1A58DFF78B81}
	EndProjectSection
EndProject
Project("{8BC9CEB8-8B4A-11D0-8D11-00A0C91BC942}") = "thumbnail", "tools\thumbnail.vcxproj", "{DD4CD36E-54C6-3CB2-A593-42A4217C866F}"
	ProjectSection(ProjectDependencies) = postProject
		{2ED8F227-0381-3905-BD8D-E0D64E52927E} = {2ED8F227-0381-3905-BD8D-E0D64E52927E}
		{74B92132-5969-3944-B785-9D51252EEF14} = {74B92132-5969-3944-B785-9D51252EEF14}
		{C8145B6D-E054-3E2F-8EA0-1A58DFF78B81} = {C8145B6D-E054-3E2F-8EA0-1A58DFF78B81}
	EndProjectSection
EndProject
Project("{8BC9CEB8-8B4A-11D0-8D11-00A0C91BC942}") = "tiff", "libtiff\tiff.vcxproj", "{C8145B6D-E054-3E2F-8EA0-1A58DFF78B81}"
	ProjectSection(ProjectDependencies) = postProject
		{2ED8F227-0381-3905-BD8D-E0D64E52927E} = {2ED8F227-0381-3905-BD8D-E0D64E52927E}
	EndProjectSection
EndProject
Project("{8BC9CEB8-8B4A-11D0-8D11-00A0C91BC942}") = "tiff-bi", "contrib\dbs\tiff-bi.vcxproj", "{61F3F7D5-F8B0-36EC-A589-45D85E53CCD2}"
	ProjectSection(ProjectDependencies) = postProject
		{2ED8F227-0381-3905-BD8D-E0D64E52927E} = {2ED8F227-0381-3905-BD8D-E0D64E52927E}
		{74B92132-5969-3944-B785-9D51252EEF14} = {74B92132-5969-3944-B785-9D51252EEF14}
		{C8145B6D-E054-3E2F-8EA0-1A58DFF78B81} = {C8145B6D-E054-3E2F-8EA0-1A58DFF78B81}
	EndProjectSection
EndProject
Project("{8BC9CEB8-8B4A-11D0-8D11-00A0C91BC942}") = "tiff-grayscale", "contrib\dbs\tiff-grayscale.vcxproj", "{2BA3450A-1D05-3816-971A-D78BDC60A604}"
	ProjectSection(ProjectDependencies) = postProject
		{2ED8F227-0381-3905-BD8D-E0D64E52927E} = {2ED8F227-0381-3905-BD8D-E0D64E52927E}
		{74B92132-5969-3944-B785-9D51252EEF14} = {74B92132-5969-3944-B785-9D51252EEF14}
		{C8145B6D-E054-3E2F-8EA0-1A58DFF78B81} = {C8145B6D-E054-3E2F-8EA0-1A58DFF78B81}
	EndProjectSection
EndProject
Project("{8BC9CEB8-8B4A-11D0-8D11-00A0C91BC942}") = "tiff-palette", "contrib\dbs\tiff-palette.vcxproj", "{2B2B77C7-3C3B-382B-9EEE-D7073725CF77}"
	ProjectSection(ProjectDependencies) = postProject
		{2ED8F227-0381-3905-BD8D-E0D64E52927E} = {2ED8F227-0381-3905-BD8D-E0D64E52927E}
		{74B92132-5969-3944-B785-9D51252EEF14} = {74B92132-5969-3944-B785-9D51252EEF14}
		{C8145B6D-E054-3E2F-8EA0-1A58DFF78B81} = {C8145B6D-E054-3E2F-8EA0-1A58DFF78B81}
	EndProjectSection
EndProject
Project("{8BC9CEB8-8B4A-11D0-8D11-00A0C91BC942}") = "tiff-rgb", "contrib\dbs\tiff-rgb.vcxproj", "{42F07552-9E1F-315E-8D94-FF78D06FB01B}"
	ProjectSection(ProjectDependencies) = postProject
		{2ED8F227-0381-3905-BD8D-E0D64E52927E} = {2ED8F227-0381-3905-BD8D-E0D64E52927E}
		{74B92132-5969-3944-B785-9D51252EEF14} = {74B92132-5969-3944-B785-9D51252EEF14}
		{C8145B6D-E054-3E2F-8EA0-1A58DFF78B81} = {C8145B6D-E054-3E2F-8EA0-1A58DFF78B81}
	EndProjectSection
EndProject
Project("{8BC9CEB8-8B4A-11D0-8D11-00A0C91BC942}") = "tiff2bw", "tools\tiff2bw.vcxproj", "{30BAC6A5-FE98-354A-9D3F-EBC86D38B75F}"
	ProjectSection(ProjectDependencies) = postProject
		{2ED8F227-0381-3905-BD8D-E0D64E52927E} = {2ED8F227-0381-3905-BD8D-E0D64E52927E}
		{74B92132-5969-3944-B785-9D51252EEF14} = {74B92132-5969-3944-B785-9D51252EEF14}
		{C8145B6D-E054-3E2F-8EA0-1A58DFF78B81} = {C8145B6D-E054-3E2F-8EA0-1A58DFF78B81}
	EndProjectSection
EndProject
Project("{8BC9CEB8-8B4A-11D0-8D11-00A0C91BC942}") = "tiff2pdf", "tools\tiff2pdf.vcxproj", "{2C4B5BD7-A772-3577-9362-A7967D1CC676}"
	ProjectSection(ProjectDependencies) = postProject
		{2ED8F227-0381-3905-BD8D-E0D64E52927E} = {2ED8F227-0381-3905-BD8D-E0D64E52927E}
		{74B92132-5969-3944-B785-9D51252EEF14} = {74B92132-5969-3944-B785-9D51252EEF14}
		{C8145B6D-E054-3E2F-8EA0-1A58DFF78B81} = {C8145B6D-E054-3E2F-8EA0-1A58DFF78B81}
	EndProjectSection
EndProject
Project("{8BC9CEB8-8B4A-11D0-8D11-00A0C91BC942}") = "tiff2ps", "tools\tiff2ps.vcxproj", "{8BC4F649-C335-3B95-B381-7A41463E59A5}"
	ProjectSection(ProjectDependencies) = postProject
		{2ED8F227-0381-3905-BD8D-E0D64E52927E} = {2ED8F227-0381-3905-BD8D-E0D64E52927E}
		{74B92132-5969-3944-B785-9D51252EEF14} = {74B92132-5969-3944-B785-9D51252EEF14}
		{C8145B6D-E054-3E2F-8EA0-1A58DFF78B81} = {C8145B6D-E054-3E2F-8EA0-1A58DFF78B81}
	EndProjectSection
EndProject
Project("{8BC9CEB8-8B4A-11D0-8D11-00A0C91BC942}") = "tiff2rgba", "tools\tiff2rgba.vcxproj", "{CABA4CFE-6FDB-3319-85D8-A19B1691E33C}"
	ProjectSection(ProjectDependencies) = postProject
		{2ED8F227-0381-3905-BD8D-E0D64E52927E} = {2ED8F227-0381-3905-BD8D-E0D64E52927E}
		{74B92132-5969-3944-B785-9D51252EEF14} = {74B92132-5969-3944-B785-9D51252EEF14}
		{C8145B6D-E054-3E2F-8EA0-1A58DFF78B81} = {C8145B6D-E054-3E2F-8EA0-1A58DFF78B81}
	EndProjectSection
EndProject
Project("{8BC9CEB8-8B4A-11D0-8D11-00A0C91BC942}") = "tiffcmp", "tools\tiffcmp.vcxproj", "{8C59763B-8502-3B36-B2F8-28D4E34291B2}"
	ProjectSection(ProjectDependencies) = postProject
		{2ED8F227-0381-3905-BD8D-E0D64E52927E} = {2ED8F227-0381-3905-BD8D-E0D64E52927E}
		{74B92132-5969-3944-B785-9D51252EEF14} = {74B92132-5969-3944-B785-9D51252EEF14}
		{C8145B6D-E054-3E2F-8EA0-1A58DFF78B81} = {C8145B6D-E054-3E2F-8EA0-1A58DFF78B81}
	EndProjectSection
EndProject
Project("{8BC9CEB8-8B4A-11D0-8D11-00A0C91BC942}") = "tiffcp", "tools\tiffcp.vcxproj", "{B32779E0-0EBC-3801-8CA3-B2053E22D59E}"
	ProjectSection(ProjectDependencies) = postProject
		{2ED8F227-0381-3905-BD8D-E0D64E52927E} = {2ED8F227-0381-3905-BD8D-E0D64E52927E}
		{74B92132-5969-3944-B785-9D51252EEF14} = {74B92132-5969-3944-B785-9D51252EEF14}
		{C8145B6D-E054-3E2F-8EA0-1A58DFF78B81} = {C8145B6D-E054-3E2F-8EA0-1A58DFF78B81}
	EndProjectSection
EndProject
Project("{8BC9CEB8-8B4A-11D0-8D11-00A0C91BC942}") = "tiffcrop", "tools\tiffcrop.vcxproj", "{9C27A73A-DFB8-369E-B13B-87183F40A625}"
	ProjectSection(ProjectDependencies) = postProject
		{2ED8F227-0381-3905-BD8D-E0D64E52927E} = {2ED8F227-0381-3905-BD8D-E0D64E52927E}
		{74B92132-5969-3944-B785-9D51252EEF14} = {74B92132-5969-3944-B785-9D51252EEF14}
		{C8145B6D-E054-3E2F-8EA0-1A58DFF78B81} = {C8145B6D-E054-3E2F-8EA0-1A58DFF78B81}
	EndProjectSection
EndProject
Project("{8BC9CEB8-8B4A-11D0-8D11-00A0C91BC942}") = "tiffdither", "tools\tiffdither.vcxproj", "{8D84A866-F9CF-3EC0-A092-58C682A18695}"
	ProjectSection(ProjectDependencies) = postProject
		{2ED8F227-0381-3905-BD8D-E0D64E52927E} = {2ED8F227-0381-3905-BD8D-E0D64E52927E}
		{74B92132-5969-3944-B785-9D51252EEF14} = {74B92132-5969-3944-B785-9D51252EEF14}
		{C8145B6D-E054-3E2F-8EA0-1A58DFF78B81} = {C8145B6D-E054-3E2F-8EA0-1A58DFF78B81}
	EndProjectSection
EndProject
Project("{8BC9CEB8-8B4A-11D0-8D11-00A0C91BC942}") = "tiffdump", "tools\tiffdump.vcxproj", "{E2E1E629-4CD7-3663-BB91-DFE94E7DC7E4}"
	ProjectSection(ProjectDependencies) = postProject
		{2ED8F227-0381-3905-BD8D-E0D64E52927E} = {2ED8F227-0381-3905-BD8D-E0D64E52927E}
		{74B92132-5969-3944-B785-9D51252EEF14} = {74B92132-5969-3944-B785-9D51252EEF14}
		{C8145B6D-E054-3E2F-8EA0-1A58DFF78B81} = {C8145B6D-E054-3E2F-8EA0-1A58DFF78B81}
	EndProjectSection
EndProject
Project("{8BC9CEB8-8B4A-11D0-8D11-00A0C91BC942}") = "tiffinfo", "tools\tiffinfo.vcxproj", "{733D0013-107A-3246-8EBE-1E3A86D0B4F3}"
	ProjectSection(ProjectDependencies) = postProject
		{2ED8F227-0381-3905-BD8D-E0D64E52927E} = {2ED8F227-0381-3905-BD8D-E0D64E52927E}
		{74B92132-5969-3944-B785-9D51252EEF14} = {74B92132-5969-3944-B785-9D51252EEF14}
		{C8145B6D-E054-3E2F-8EA0-1A58DFF78B81} = {C8145B6D-E054-3E2F-8EA0-1A58DFF78B81}
	EndProjectSection
EndProject
Project("{8BC9CEB8-8B4A-11D0-8D11-00A0C91BC942}") = "tiffmedian", "tools\tiffmedian.vcxproj", "{47CE0035-781F-31EA-B985-05DA33F71B46}"
	ProjectSection(ProjectDependencies) = postProject
		{2ED8F227-0381-3905-BD8D-E0D64E52927E} = {2ED8F227-0381-3905-BD8D-E0D64E52927E}
		{74B92132-5969-3944-B785-9D51252EEF14} = {74B92132-5969-3944-B785-9D51252EEF14}
		{C8145B6D-E054-3E2F-8EA0-1A58DFF78B81} = {C8145B6D-E054-3E2F-8EA0-1A58DFF78B81}
	EndProjectSection
EndProject
Project("{8BC9CEB8-8B4A-11D0-8D11-00A0C91BC942}") = "tiffset", "tools\tiffset.vcxproj", "{E5A6BFC0-97F6-38EE-A720-44A8B9152E98}"
	ProjectSection(ProjectDependencies) = postProject
		{2ED8F227-0381-3905-BD8D-E0D64E52927E} = {2ED8F227-0381-3905-BD8D-E0D64E52927E}
		{74B92132-5969-3944-B785-9D51252EEF14} = {74B92132-5969-3944-B785-9D51252EEF14}
		{C8145B6D-E054-3E2F-8EA0-1A58DFF78B81} = {C8145B6D-E054-3E2F-8EA0-1A58DFF78B81}
	EndProjectSection
EndProject
Project("{8BC9CEB8-8B4A-11D0-8D11-00A0C91BC942}") = "tiffsplit", "tools\tiffsplit.vcxproj", "{D558DAD2-1210-351C-938B-8E91BD23D7E2}"
	ProjectSection(ProjectDependencies) = postProject
		{2ED8F227-0381-3905-BD8D-E0D64E52927E} = {2ED8F227-0381-3905-BD8D-E0D64E52927E}
		{74B92132-5969-3944-B785-9D51252EEF14} = {74B92132-5969-3944-B785-9D51252EEF14}
		{C8145B6D-E054-3E2F-8EA0-1A58DFF78B81} = {C8145B6D-E054-3E2F-8EA0-1A58DFF78B81}
	EndProjectSection
EndProject
Project("{8BC9CEB8-8B4A-11D0-8D11-00A0C91BC942}") = "tiffxx", "libtiff\tiffxx.vcxproj", "{5D6EE42F-E91D-3212-A738-4DE8575C8634}"
	ProjectSection(ProjectDependencies) = postProject
		{2ED8F227-0381-3905-BD8D-E0D64E52927E} = {2ED8F227-0381-3905-BD8D-E0D64E52927E}
		{C8145B6D-E054-3E2F-8EA0-1A58DFF78B81} = {C8145B6D-E054-3E2F-8EA0-1A58DFF78B81}
	EndProjectSection
EndProject
Global
	GlobalSection(SolutionConfigurationPlatforms) = preSolution
		Debug|x64 = Debug|x64
		Release|x64 = Release|x64
		MinSizeRel|x64 = MinSizeRel|x64
		RelWithDebInfo|x64 = RelWithDebInfo|x64
	EndGlobalSection
	GlobalSection(ProjectConfigurationPlatforms) = postSolution
		{6DACE289-FE42-3309-BDF7-36B76D9DCC48}.Debug|x64.ActiveCfg = Debug|x64
		{6DACE289-FE42-3309-BDF7-36B76D9DCC48}.Debug|x64.Build.0 = Debug|x64
		{6DACE289-FE42-3309-BDF7-36B76D9DCC48}.Release|x64.ActiveCfg = Release|x64
		{6DACE289-FE42-3309-BDF7-36B76D9DCC48}.Release|x64.Build.0 = Release|x64
		{6DACE289-FE42-3309-BDF7-36B76D9DCC48}.MinSizeRel|x64.ActiveCfg = MinSizeRel|x64
		{6DACE289-FE42-3309-BDF7-36B76D9DCC48}.MinSizeRel|x64.Build.0 = MinSizeRel|x64
		{6DACE289-FE42-3309-BDF7-36B76D9DCC48}.RelWithDebInfo|x64.ActiveCfg = RelWithDebInfo|x64
		{6DACE289-FE42-3309-BDF7-36B76D9DCC48}.RelWithDebInfo|x64.Build.0 = RelWithDebInfo|x64
		{0024367A-54AE-3BDD-AA7B-98DF8EB8820E}.Debug|x64.ActiveCfg = Debug|x64
		{0024367A-54AE-3BDD-AA7B-98DF8EB8820E}.Release|x64.ActiveCfg = Release|x64
		{0024367A-54AE-3BDD-AA7B-98DF8EB8820E}.MinSizeRel|x64.ActiveCfg = MinSizeRel|x64
		{0024367A-54AE-3BDD-AA7B-98DF8EB8820E}.RelWithDebInfo|x64.ActiveCfg = RelWithDebInfo|x64
		{DFE2B303-332B-3710-82C9-010C1E57B5D6}.Debug|x64.ActiveCfg = Debug|x64
		{DFE2B303-332B-3710-82C9-010C1E57B5D6}.Release|x64.ActiveCfg = Release|x64
		{DFE2B303-332B-3710-82C9-010C1E57B5D6}.MinSizeRel|x64.ActiveCfg = MinSizeRel|x64
		{DFE2B303-332B-3710-82C9-010C1E57B5D6}.RelWithDebInfo|x64.ActiveCfg = RelWithDebInfo|x64
		{2ED8F227-0381-3905-BD8D-E0D64E52927E}.Debug|x64.ActiveCfg = Debug|x64
		{2ED8F227-0381-3905-BD8D-E0D64E52927E}.Debug|x64.Build.0 = Debug|x64
		{2ED8F227-0381-3905-BD8D-E0D64E52927E}.Release|x64.ActiveCfg = Release|x64
		{2ED8F227-0381-3905-BD8D-E0D64E52927E}.Release|x64.Build.0 = Release|x64
		{2ED8F227-0381-3905-BD8D-E0D64E52927E}.MinSizeRel|x64.ActiveCfg = MinSizeRel|x64
		{2ED8F227-0381-3905-BD8D-E0D64E52927E}.MinSizeRel|x64.Build.0 = MinSizeRel|x64
		{2ED8F227-0381-3905-BD8D-E0D64E52927E}.RelWithDebInfo|x64.ActiveCfg = RelWithDebInfo|x64
		{2ED8F227-0381-3905-BD8D-E0D64E52927E}.RelWithDebInfo|x64.Build.0 = RelWithDebInfo|x64
		{026CAE23-9C45-3E8F-AAA1-A45E60EA62BD}.Debug|x64.ActiveCfg = Debug|x64
		{026CAE23-9C45-3E8F-AAA1-A45E60EA62BD}.Debug|x64.Build.0 = Debug|x64
		{026CAE23-9C45-3E8F-AAA1-A45E60EA62BD}.Release|x64.ActiveCfg = Release|x64
		{026CAE23-9C45-3E8F-AAA1-A45E60EA62BD}.Release|x64.Build.0 = Release|x64
		{026CAE23-9C45-3E8F-AAA1-A45E60EA62BD}.MinSizeRel|x64.ActiveCfg = MinSizeRel|x64
		{026CAE23-9C45-3E8F-AAA1-A45E60EA62BD}.MinSizeRel|x64.Build.0 = MinSizeRel|x64
		{026CAE23-9C45-3E8F-AAA1-A45E60EA62BD}.RelWithDebInfo|x64.ActiveCfg = RelWithDebInfo|x64
		{026CAE23-9C45-3E8F-AAA1-A45E60EA62BD}.RelWithDebInfo|x64.Build.0 = RelWithDebInfo|x64
		{CA6DED8C-94D0-3078-AB85-A5120E09DB3B}.Debug|x64.ActiveCfg = Debug|x64
		{CA6DED8C-94D0-3078-AB85-A5120E09DB3B}.Debug|x64.Build.0 = Debug|x64
		{CA6DED8C-94D0-3078-AB85-A5120E09DB3B}.Release|x64.ActiveCfg = Release|x64
		{CA6DED8C-94D0-3078-AB85-A5120E09DB3B}.Release|x64.Build.0 = Release|x64
		{CA6DED8C-94D0-3078-AB85-A5120E09DB3B}.MinSizeRel|x64.ActiveCfg = MinSizeRel|x64
		{CA6DED8C-94D0-3078-AB85-A5120E09DB3B}.MinSizeRel|x64.Build.0 = MinSizeRel|x64
		{CA6DED8C-94D0-3078-AB85-A5120E09DB3B}.RelWithDebInfo|x64.ActiveCfg = RelWithDebInfo|x64
		{CA6DED8C-94D0-3078-AB85-A5120E09DB3B}.RelWithDebInfo|x64.Build.0 = RelWithDebInfo|x64
		{3AB25C3D-BFC2-324B-83F9-F721E19FC1EC}.Debug|x64.ActiveCfg = Debug|x64
		{3AB25C3D-BFC2-324B-83F9-F721E19FC1EC}.Debug|x64.Build.0 = Debug|x64
		{3AB25C3D-BFC2-324B-83F9-F721E19FC1EC}.Release|x64.ActiveCfg = Release|x64
		{3AB25C3D-BFC2-324B-83F9-F721E19FC1EC}.Release|x64.Build.0 = Release|x64
		{3AB25C3D-BFC2-324B-83F9-F721E19FC1EC}.MinSizeRel|x64.ActiveCfg = MinSizeRel|x64
		{3AB25C3D-BFC2-324B-83F9-F721E19FC1EC}.MinSizeRel|x64.Build.0 = MinSizeRel|x64
		{3AB25C3D-BFC2-324B-83F9-F721E19FC1EC}.RelWithDebInfo|x64.ActiveCfg = RelWithDebInfo|x64
		{3AB25C3D-BFC2-324B-83F9-F721E19FC1EC}.RelWithDebInfo|x64.Build.0 = RelWithDebInfo|x64
		{B2DAA89F-0B85-32DC-8E01-A13C53DA76BB}.Debug|x64.ActiveCfg = Debug|x64
		{B2DAA89F-0B85-32DC-8E01-A13C53DA76BB}.Debug|x64.Build.0 = Debug|x64
		{B2DAA89F-0B85-32DC-8E01-A13C53DA76BB}.Release|x64.ActiveCfg = Release|x64
		{B2DAA89F-0B85-32DC-8E01-A13C53DA76BB}.Release|x64.Build.0 = Release|x64
		{B2DAA89F-0B85-32DC-8E01-A13C53DA76BB}.MinSizeRel|x64.ActiveCfg = MinSizeRel|x64
		{B2DAA89F-0B85-32DC-8E01-A13C53DA76BB}.MinSizeRel|x64.Build.0 = MinSizeRel|x64
		{B2DAA89F-0B85-32DC-8E01-A13C53DA76BB}.RelWithDebInfo|x64.ActiveCfg = RelWithDebInfo|x64
		{B2DAA89F-0B85-32DC-8E01-A13C53DA76BB}.RelWithDebInfo|x64.Build.0 = RelWithDebInfo|x64
		{6A532B9B-9BDE-3AFF-AC40-971BBA99F6B4}.Debug|x64.ActiveCfg = Debug|x64
		{6A532B9B-9BDE-3AFF-AC40-971BBA99F6B4}.Debug|x64.Build.0 = Debug|x64
		{6A532B9B-9BDE-3AFF-AC40-971BBA99F6B4}.Release|x64.ActiveCfg = Release|x64
		{6A532B9B-9BDE-3AFF-AC40-971BBA99F6B4}.Release|x64.Build.0 = Release|x64
		{6A532B9B-9BDE-3AFF-AC40-971BBA99F6B4}.MinSizeRel|x64.ActiveCfg = MinSizeRel|x64
		{6A532B9B-9BDE-3AFF-AC40-971BBA99F6B4}.MinSizeRel|x64.Build.0 = MinSizeRel|x64
		{6A532B9B-9BDE-3AFF-AC40-971BBA99F6B4}.RelWithDebInfo|x64.ActiveCfg = RelWithDebInfo|x64
		{6A532B9B-9BDE-3AFF-AC40-971BBA99F6B4}.RelWithDebInfo|x64.Build.0 = RelWithDebInfo|x64
		{0DEDA3D8-C8FE-3A6E-BD8F-8CAFF074718E}.Debug|x64.ActiveCfg = Debug|x64
		{0DEDA3D8-C8FE-3A6E-BD8F-8CAFF074718E}.Debug|x64.Build.0 = Debug|x64
		{0DEDA3D8-C8FE-3A6E-BD8F-8CAFF074718E}.Release|x64.ActiveCfg = Release|x64
		{0DEDA3D8-C8FE-3A6E-BD8F-8CAFF074718E}.Release|x64.Build.0 = Release|x64
		{0DEDA3D8-C8FE-3A6E-BD8F-8CAFF074718E}.MinSizeRel|x64.ActiveCfg = MinSizeRel|x64
		{0DEDA3D8-C8FE-3A6E-BD8F-8CAFF074718E}.MinSizeRel|x64.Build.0 = MinSizeRel|x64
		{0DEDA3D8-C8FE-3A6E-BD8F-8CAFF074718E}.RelWithDebInfo|x64.ActiveCfg = RelWithDebInfo|x64
		{0DEDA3D8-C8FE-3A6E-BD8F-8CAFF074718E}.RelWithDebInfo|x64.Build.0 = RelWithDebInfo|x64
		{53CB803B-2262-3DD1-A4B5-CCB216BA138B}.Debug|x64.ActiveCfg = Debug|x64
		{53CB803B-2262-3DD1-A4B5-CCB216BA138B}.Debug|x64.Build.0 = Debug|x64
		{53CB803B-2262-3DD1-A4B5-CCB216BA138B}.Release|x64.ActiveCfg = Release|x64
		{53CB803B-2262-3DD1-A4B5-CCB216BA138B}.Release|x64.Build.0 = Release|x64
		{53CB803B-2262-3DD1-A4B5-CCB216BA138B}.MinSizeRel|x64.ActiveCfg = MinSizeRel|x64
		{53CB803B-2262-3DD1-A4B5-CCB216BA138B}.MinSizeRel|x64.Build.0 = MinSizeRel|x64
		{53CB803B-2262-3DD1-A4B5-CCB216BA138B}.RelWithDebInfo|x64.ActiveCfg = RelWithDebInfo|x64
		{53CB803B-2262-3DD1-A4B5-CCB216BA138B}.RelWithDebInfo|x64.Build.0 = RelWithDebInfo|x64
		{BA752A2F-C1F2-3F54-AACD-7E4602591299}.Debug|x64.ActiveCfg = Debug|x64
		{BA752A2F-C1F2-3F54-AACD-7E4602591299}.Debug|x64.Build.0 = Debug|x64
		{BA752A2F-C1F2-3F54-AACD-7E4602591299}.Release|x64.ActiveCfg = Release|x64
		{BA752A2F-C1F2-3F54-AACD-7E4602591299}.Release|x64.Build.0 = Release|x64
		{BA752A2F-C1F2-3F54-AACD-7E4602591299}.MinSizeRel|x64.ActiveCfg = MinSizeRel|x64
		{BA752A2F-C1F2-3F54-AACD-7E4602591299}.MinSizeRel|x64.Build.0 = MinSizeRel|x64
		{BA752A2F-C1F2-3F54-AACD-7E4602591299}.RelWithDebInfo|x64.ActiveCfg = RelWithDebInfo|x64
		{BA752A2F-C1F2-3F54-AACD-7E4602591299}.RelWithDebInfo|x64.Build.0 = RelWithDebInfo|x64
		{BB19083B-647D-3162-A293-108BA47678D0}.Debug|x64.ActiveCfg = Debug|x64
		{BB19083B-647D-3162-A293-108BA47678D0}.Release|x64.ActiveCfg = Release|x64
		{BB19083B-647D-3162-A293-108BA47678D0}.MinSizeRel|x64.ActiveCfg = MinSizeRel|x64
		{BB19083B-647D-3162-A293-108BA47678D0}.RelWithDebInfo|x64.ActiveCfg = RelWithDebInfo|x64
		{7E9E1226-B44A-39FE-9A7C-CC87DE299005}.Debug|x64.ActiveCfg = Debug|x64
		{7E9E1226-B44A-39FE-9A7C-CC87DE299005}.Release|x64.ActiveCfg = Release|x64
		{7E9E1226-B44A-39FE-9A7C-CC87DE299005}.MinSizeRel|x64.ActiveCfg = MinSizeRel|x64
		{7E9E1226-B44A-39FE-9A7C-CC87DE299005}.RelWithDebInfo|x64.ActiveCfg = RelWithDebInfo|x64
		{2994C6A4-0A28-359E-8DE2-8BD2C7F38744}.Debug|x64.ActiveCfg = Debug|x64
		{2994C6A4-0A28-359E-8DE2-8BD2C7F38744}.Debug|x64.Build.0 = Debug|x64
		{2994C6A4-0A28-359E-8DE2-8BD2C7F38744}.Release|x64.ActiveCfg = Release|x64
		{2994C6A4-0A28-359E-8DE2-8BD2C7F38744}.Release|x64.Build.0 = Release|x64
		{2994C6A4-0A28-359E-8DE2-8BD2C7F38744}.MinSizeRel|x64.ActiveCfg = MinSizeRel|x64
		{2994C6A4-0A28-359E-8DE2-8BD2C7F38744}.MinSizeRel|x64.Build.0 = MinSizeRel|x64
		{2994C6A4-0A28-359E-8DE2-8BD2C7F38744}.RelWithDebInfo|x64.ActiveCfg = RelWithDebInfo|x64
		{2994C6A4-0A28-359E-8DE2-8BD2C7F38744}.RelWithDebInfo|x64.Build.0 = RelWithDebInfo|x64
		{90C2609E-5F26-3379-9A90-838E20A713FE}.Debug|x64.ActiveCfg = Debug|x64
		{90C2609E-5F26-3379-9A90-838E20A713FE}.Debug|x64.Build.0 = Debug|x64
		{90C2609E-5F26-3379-9A90-838E20A713FE}.Release|x64.ActiveCfg = Release|x64
		{90C2609E-5F26-3379-9A90-838E20A713FE}.Release|x64.Build.0 = Release|x64
		{90C2609E-5F26-3379-9A90-838E20A713FE}.MinSizeRel|x64.ActiveCfg = MinSizeRel|x64
		{90C2609E-5F26-3379-9A90-838E20A713FE}.MinSizeRel|x64.Build.0 = MinSizeRel|x64
		{90C2609E-5F26-3379-9A90-838E20A713FE}.RelWithDebInfo|x64.ActiveCfg = RelWithDebInfo|x64
		{90C2609E-5F26-3379-9A90-838E20A713FE}.RelWithDebInfo|x64.Build.0 = RelWithDebInfo|x64
		{48A7D0DB-8070-3595-9221-F63E1BB17F62}.Debug|x64.ActiveCfg = Debug|x64
		{48A7D0DB-8070-3595-9221-F63E1BB17F62}.Debug|x64.Build.0 = Debug|x64
		{48A7D0DB-8070-3595-9221-F63E1BB17F62}.Release|x64.ActiveCfg = Release|x64
		{48A7D0DB-8070-3595-9221-F63E1BB17F62}.Release|x64.Build.0 = Release|x64
		{48A7D0DB-8070-3595-9221-F63E1BB17F62}.MinSizeRel|x64.ActiveCfg = MinSizeRel|x64
		{48A7D0DB-8070-3595-9221-F63E1BB17F62}.MinSizeRel|x64.Build.0 = MinSizeRel|x64
		{48A7D0DB-8070-3595-9221-F63E1BB17F62}.RelWithDebInfo|x64.ActiveCfg = RelWithDebInfo|x64
		{48A7D0DB-8070-3595-9221-F63E1BB17F62}.RelWithDebInfo|x64.Build.0 = RelWithDebInfo|x64
		{77A59528-E3C0-3F11-8011-0B0896558BDB}.Debug|x64.ActiveCfg = Debug|x64
		{77A59528-E3C0-3F11-8011-0B0896558BDB}.Debug|x64.Build.0 = Debug|x64
		{77A59528-E3C0-3F11-8011-0B0896558BDB}.Release|x64.ActiveCfg = Release|x64
		{77A59528-E3C0-3F11-8011-0B0896558BDB}.Release|x64.Build.0 = Release|x64
		{77A59528-E3C0-3F11-8011-0B0896558BDB}.MinSizeRel|x64.ActiveCfg = MinSizeRel|x64
		{77A59528-E3C0-3F11-8011-0B0896558BDB}.MinSizeRel|x64.Build.0 = MinSizeRel|x64
		{77A59528-E3C0-3F11-8011-0B0896558BDB}.RelWithDebInfo|x64.ActiveCfg = RelWithDebInfo|x64
		{77A59528-E3C0-3F11-8011-0B0896558BDB}.RelWithDebInfo|x64.Build.0 = RelWithDebInfo|x64
		{74B92132-5969-3944-B785-9D51252EEF14}.Debug|x64.ActiveCfg = Debug|x64
		{74B92132-5969-3944-B785-9D51252EEF14}.Debug|x64.Build.0 = Debug|x64
		{74B92132-5969-3944-B785-9D51252EEF14}.Release|x64.ActiveCfg = Release|x64
		{74B92132-5969-3944-B785-9D51252EEF14}.Release|x64.Build.0 = Release|x64
		{74B92132-5969-3944-B785-9D51252EEF14}.MinSizeRel|x64.ActiveCfg = MinSizeRel|x64
		{74B92132-5969-3944-B785-9D51252EEF14}.MinSizeRel|x64.Build.0 = MinSizeRel|x64
		{74B92132-5969-3944-B785-9D51252EEF14}.RelWithDebInfo|x64.ActiveCfg = RelWithDebInfo|x64
		{74B92132-5969-3944-B785-9D51252EEF14}.RelWithDebInfo|x64.Build.0 = RelWithDebInfo|x64
		{4BDA29FF-3998-3AB3-9BB2-8634C34E7C8C}.Debug|x64.ActiveCfg = Debug|x64
		{4BDA29FF-3998-3AB3-9BB2-8634C34E7C8C}.Debug|x64.Build.0 = Debug|x64
		{4BDA29FF-3998-3AB3-9BB2-8634C34E7C8C}.Release|x64.ActiveCfg = Release|x64
		{4BDA29FF-3998-3AB3-9BB2-8634C34E7C8C}.Release|x64.Build.0 = Release|x64
		{4BDA29FF-3998-3AB3-9BB2-8634C34E7C8C}.MinSizeRel|x64.ActiveCfg = MinSizeRel|x64
		{4BDA29FF-3998-3AB3-9BB2-8634C34E7C8C}.MinSizeRel|x64.Build.0 = MinSizeRel|x64
		{4BDA29FF-3998-3AB3-9BB2-8634C34E7C8C}.RelWithDebInfo|x64.ActiveCfg = RelWithDebInfo|x64
		{4BDA29FF-3998-3AB3-9BB2-8634C34E7C8C}.RelWithDebInfo|x64.Build.0 = RelWithDebInfo|x64
		{C0663D1A-C16B-32AE-BDEE-8978A41902BF}.Debug|x64.ActiveCfg = Debug|x64
		{C0663D1A-C16B-32AE-BDEE-8978A41902BF}.Debug|x64.Build.0 = Debug|x64
		{C0663D1A-C16B-32AE-BDEE-8978A41902BF}.Release|x64.ActiveCfg = Release|x64
		{C0663D1A-C16B-32AE-BDEE-8978A41902BF}.Release|x64.Build.0 = Release|x64
		{C0663D1A-C16B-32AE-BDEE-8978A41902BF}.MinSizeRel|x64.ActiveCfg = MinSizeRel|x64
		{C0663D1A-C16B-32AE-BDEE-8978A41902BF}.MinSizeRel|x64.Build.0 = MinSizeRel|x64
		{C0663D1A-C16B-32AE-BDEE-8978A41902BF}.RelWithDebInfo|x64.ActiveCfg = RelWithDebInfo|x64
		{C0663D1A-C16B-32AE-BDEE-8978A41902BF}.RelWithDebInfo|x64.Build.0 = RelWithDebInfo|x64
		{6E06ED8C-9D9C-3DFF-A81A-A41C9EBA860D}.Debug|x64.ActiveCfg = Debug|x64
		{6E06ED8C-9D9C-3DFF-A81A-A41C9EBA860D}.Release|x64.ActiveCfg = Release|x64
		{6E06ED8C-9D9C-3DFF-A81A-A41C9EBA860D}.MinSizeRel|x64.ActiveCfg = MinSizeRel|x64
		{6E06ED8C-9D9C-3DFF-A81A-A41C9EBA860D}.RelWithDebInfo|x64.ActiveCfg = RelWithDebInfo|x64
		{6BF34A7D-01AD-39C5-BE0D-86EA2D887473}.Debug|x64.ActiveCfg = Debug|x64
		{6BF34A7D-01AD-39C5-BE0D-86EA2D887473}.Debug|x64.Build.0 = Debug|x64
		{6BF34A7D-01AD-39C5-BE0D-86EA2D887473}.Release|x64.ActiveCfg = Release|x64
		{6BF34A7D-01AD-39C5-BE0D-86EA2D887473}.Release|x64.Build.0 = Release|x64
		{6BF34A7D-01AD-39C5-BE0D-86EA2D887473}.MinSizeRel|x64.ActiveCfg = MinSizeRel|x64
		{6BF34A7D-01AD-39C5-BE0D-86EA2D887473}.MinSizeRel|x64.Build.0 = MinSizeRel|x64
		{6BF34A7D-01AD-39C5-BE0D-86EA2D887473}.RelWithDebInfo|x64.ActiveCfg = RelWithDebInfo|x64
		{6BF34A7D-01AD-39C5-BE0D-86EA2D887473}.RelWithDebInfo|x64.Build.0 = RelWithDebInfo|x64
		{1836A4CC-9FF4-30E9-B3AF-69A3CE639AF1}.Debug|x64.ActiveCfg = Debug|x64
		{1836A4CC-9FF4-30E9-B3AF-69A3CE639AF1}.Debug|x64.Build.0 = Debug|x64
		{1836A4CC-9FF4-30E9-B3AF-69A3CE639AF1}.Release|x64.ActiveCfg = Release|x64
		{1836A4CC-9FF4-30E9-B3AF-69A3CE639AF1}.Release|x64.Build.0 = Release|x64
		{1836A4CC-9FF4-30E9-B3AF-69A3CE639AF1}.MinSizeRel|x64.ActiveCfg = MinSizeRel|x64
		{1836A4CC-9FF4-30E9-B3AF-69A3CE639AF1}.MinSizeRel|x64.Build.0 = MinSizeRel|x64
		{1836A4CC-9FF4-30E9-B3AF-69A3CE639AF1}.RelWithDebInfo|x64.ActiveCfg = RelWithDebInfo|x64
		{1836A4CC-9FF4-30E9-B3AF-69A3CE639AF1}.RelWithDebInfo|x64.Build.0 = RelWithDebInfo|x64
		{15CC6FF4-CE02-3507-81BB-134FAE796538}.Debug|x64.ActiveCfg = Debug|x64
		{15CC6FF4-CE02-3507-81BB-134FAE796538}.Debug|x64.Build.0 = Debug|x64
		{15CC6FF4-CE02-3507-81BB-134FAE796538}.Release|x64.ActiveCfg = Release|x64
		{15CC6FF4-CE02-3507-81BB-134FAE796538}.Release|x64.Build.0 = Release|x64
		{15CC6FF4-CE02-3507-81BB-134FAE796538}.MinSizeRel|x64.ActiveCfg = MinSizeRel|x64
		{15CC6FF4-CE02-3507-81BB-134FAE796538}.MinSizeRel|x64.Build.0 = MinSizeRel|x64
		{15CC6FF4-CE02-3507-81BB-134FAE796538}.RelWithDebInfo|x64.ActiveCfg = RelWithDebInfo|x64
		{15CC6FF4-CE02-3507-81BB-134FAE796538}.RelWithDebInfo|x64.Build.0 = RelWithDebInfo|x64
		{754C9F61-A721-3C8F-86E6-29179D611B1F}.Debug|x64.ActiveCfg = Debug|x64
		{754C9F61-A721-3C8F-86E6-29179D611B1F}.Debug|x64.Build.0 = Debug|x64
		{754C9F61-A721-3C8F-86E6-29179D611B1F}.Release|x64.ActiveCfg = Release|x64
		{754C9F61-A721-3C8F-86E6-29179D611B1F}.Release|x64.Build.0 = Release|x64
		{754C9F61-A721-3C8F-86E6-29179D611B1F}.MinSizeRel|x64.ActiveCfg = MinSizeRel|x64
		{754C9F61-A721-3C8F-86E6-29179D611B1F}.MinSizeRel|x64.Build.0 = MinSizeRel|x64
		{754C9F61-A721-3C8F-86E6-29179D611B1F}.RelWithDebInfo|x64.ActiveCfg = RelWithDebInfo|x64
		{754C9F61-A721-3C8F-86E6-29179D611B1F}.RelWithDebInfo|x64.Build.0 = RelWithDebInfo|x64
		{72BDDD08-DD79-3938-B3BB-A191BFAD6883}.Debug|x64.ActiveCfg = Debug|x64
		{72BDDD08-DD79-3938-B3BB-A191BFAD6883}.Debug|x64.Build.0 = Debug|x64
		{72BDDD08-DD79-3938-B3BB-A191BFAD6883}.Release|x64.ActiveCfg = Release|x64
		{72BDDD08-DD79-3938-B3BB-A191BFAD6883}.Release|x64.Build.0 = Release|x64
		{72BDDD08-DD79-3938-B3BB-A191BFAD6883}.MinSizeRel|x64.ActiveCfg = MinSizeRel|x64
		{72BDDD08-DD79-3938-B3BB-A191BFAD6883}.MinSizeRel|x64.Build.0 = MinSizeRel|x64
		{72BDDD08-DD79-3938-B3BB-A191BFAD6883}.RelWithDebInfo|x64.ActiveCfg = RelWithDebInfo|x64
		{72BDDD08-DD79-3938-B3BB-A191BFAD6883}.RelWithDebInfo|x64.Build.0 = RelWithDebInfo|x64
		{D262F7A1-FF6D-3F52-9BB3-BD79706BAF6C}.Debug|x64.ActiveCfg = Debug|x64
		{D262F7A1-FF6D-3F52-9BB3-BD79706BAF6C}.Debug|x64.Build.0 = Debug|x64
		{D262F7A1-FF6D-3F52-9BB3-BD79706BAF6C}.Release|x64.ActiveCfg = Release|x64
		{D262F7A1-FF6D-3F52-9BB3-BD79706BAF6C}.Release|x64.Build.0 = Release|x64
		{D262F7A1-FF6D-3F52-9BB3-BD79706BAF6C}.MinSizeRel|x64.ActiveCfg = MinSizeRel|x64
		{D262F7A1-FF6D-3F52-9BB3-BD79706BAF6C}.MinSizeRel|x64.Build.0 = MinSizeRel|x64
		{D262F7A1-FF6D-3F52-9BB3-BD79706BAF6C}.RelWithDebInfo|x64.ActiveCfg = RelWithDebInfo|x64
		{D262F7A1-FF6D-3F52-9BB3-BD79706BAF6C}.RelWithDebInfo|x64.Build.0 = RelWithDebInfo|x64
		{C0BA9F0E-20AF-3B86-889A-9940CE3423D7}.Debug|x64.ActiveCfg = Debug|x64
		{C0BA9F0E-20AF-3B86-889A-9940CE3423D7}.Debug|x64.Build.0 = Debug|x64
		{C0BA9F0E-20AF-3B86-889A-9940CE3423D7}.Release|x64.ActiveCfg = Release|x64
		{C0BA9F0E-20AF-3B86-889A-9940CE3423D7}.Release|x64.Build.0 = Release|x64
		{C0BA9F0E-20AF-3B86-889A-9940CE3423D7}.MinSizeRel|x64.ActiveCfg = MinSizeRel|x64
		{C0BA9F0E-20AF-3B86-889A-9940CE3423D7}.MinSizeRel|x64.Build.0 = MinSizeRel|x64
		{C0BA9F0E-20AF-3B86-889A-9940CE3423D7}.RelWithDebInfo|x64.ActiveCfg = RelWithDebInfo|x64
		{C0BA9F0E-20AF-3B86-889A-9940CE3423D7}.RelWithDebInfo|x64.Build.0 = RelWithDebInfo|x64
		{DD4CD36E-54C6-3CB2-A593-42A4217C866F}.Debug|x64.ActiveCfg = Debug|x64
		{DD4CD36E-54C6-3CB2-A593-42A4217C866F}.Debug|x64.Build.0 = Debug|x64
		{DD4CD36E-54C6-3CB2-A593-42A4217C866F}.Release|x64.ActiveCfg = Release|x64
		{DD4CD36E-54C6-3CB2-A593-42A4217C866F}.Release|x64.Build.0 = Release|x64
		{DD4CD36E-54C6-3CB2-A593-42A4217C866F}.MinSizeRel|x64.ActiveCfg = MinSizeRel|x64
		{DD4CD36E-54C6-3CB2-A593-42A4217C866F}.MinSizeRel|x64.Build.0 = MinSizeRel|x64
		{DD4CD36E-54C6-3CB2-A593-42A4217C866F}.RelWithDebInfo|x64.ActiveCfg = RelWithDebInfo|x64
		{DD4CD36E-54C6-3CB2-A593-42A4217C866F}.RelWithDebInfo|x64.Build.0 = RelWithDebInfo|x64
		{C8145B6D-E054-3E2F-8EA0-1A58DFF78B81}.Debug|x64.ActiveCfg = Debug|x64
		{C8145B6D-E054-3E2F-8EA0-1A58DFF78B81}.Debug|x64.Build.0 = Debug|x64
		{C8145B6D-E054-3E2F-8EA0-1A58DFF78B81}.Release|x64.ActiveCfg = Release|x64
		{C8145B6D-E054-3E2F-8EA0-1A58DFF78B81}.Release|x64.Build.0 = Release|x64
		{C8145B6D-E054-3E2F-8EA0-1A58DFF78B81}.MinSizeRel|x64.ActiveCfg = MinSizeRel|x64
		{C8145B6D-E054-3E2F-8EA0-1A58DFF78B81}.MinSizeRel|x64.Build.0 = MinSizeRel|x64
		{C8145B6D-E054-3E2F-8EA0-1A58DFF78B81}.RelWithDebInfo|x64.ActiveCfg = RelWithDebInfo|x64
		{C8145B6D-E054-3E2F-8EA0-1A58DFF78B81}.RelWithDebInfo|x64.Build.0 = RelWithDebInfo|x64
		{61F3F7D5-F8B0-36EC-A589-45D85E53CCD2}.Debug|x64.ActiveCfg = Debug|x64
		{61F3F7D5-F8B0-36EC-A589-45D85E53CCD2}.Debug|x64.Build.0 = Debug|x64
		{61F3F7D5-F8B0-36EC-A589-45D85E53CCD2}.Release|x64.ActiveCfg = Release|x64
		{61F3F7D5-F8B0-36EC-A589-45D85E53CCD2}.Release|x64.Build.0 = Release|x64
		{61F3F7D5-F8B0-36EC-A589-45D85E53CCD2}.MinSizeRel|x64.ActiveCfg = MinSizeRel|x64
		{61F3F7D5-F8B0-36EC-A589-45D85E53CCD2}.MinSizeRel|x64.Build.0 = MinSizeRel|x64
		{61F3F7D5-F8B0-36EC-A589-45D85E53CCD2}.RelWithDebInfo|x64.ActiveCfg = RelWithDebInfo|x64
		{61F3F7D5-F8B0-36EC-A589-45D85E53CCD2}.RelWithDebInfo|x64.Build.0 = RelWithDebInfo|x64
		{2BA3450A-1D05-3816-971A-D78BDC60A604}.Debug|x64.ActiveCfg = Debug|x64
		{2BA3450A-1D05-3816-971A-D78BDC60A604}.Debug|x64.Build.0 = Debug|x64
		{2BA3450A-1D05-3816-971A-D78BDC60A604}.Release|x64.ActiveCfg = Release|x64
		{2BA3450A-1D05-3816-971A-D78BDC60A604}.Release|x64.Build.0 = Release|x64
		{2BA3450A-1D05-3816-971A-D78BDC60A604}.MinSizeRel|x64.ActiveCfg = MinSizeRel|x64
		{2BA3450A-1D05-3816-971A-D78BDC60A604}.MinSizeRel|x64.Build.0 = MinSizeRel|x64
		{2BA3450A-1D05-3816-971A-D78BDC60A604}.RelWithDebInfo|x64.ActiveCfg = RelWithDebInfo|x64
		{2BA3450A-1D05-3816-971A-D78BDC60A604}.RelWithDebInfo|x64.Build.0 = RelWithDebInfo|x64
		{2B2B77C7-3C3B-382B-9EEE-D7073725CF77}.Debug|x64.ActiveCfg = Debug|x64
		{2B2B77C7-3C3B-382B-9EEE-D7073725CF77}.Debug|x64.Build.0 = Debug|x64
		{2B2B77C7-3C3B-382B-9EEE-D7073725CF77}.Release|x64.ActiveCfg = Release|x64
		{2B2B77C7-3C3B-382B-9EEE-D7073725CF77}.Release|x64.Build.0 = Release|x64
		{2B2B77C7-3C3B-382B-9EEE-D7073725CF77}.MinSizeRel|x64.ActiveCfg = MinSizeRel|x64
		{2B2B77C7-3C3B-382B-9EEE-D7073725CF77}.MinSizeRel|x64.Build.0 = MinSizeRel|x64
		{2B2B77C7-3C3B-382B-9EEE-D7073725CF77}.RelWithDebInfo|x64.ActiveCfg = RelWithDebInfo|x64
		{2B2B77C7-3C3B-382B-9EEE-D7073725CF77}.RelWithDebInfo|x64.Build.0 = RelWithDebInfo|x64
		{42F07552-9E1F-315E-8D94-FF78D06FB01B}.Debug|x64.ActiveCfg = Debug|x64
		{42F07552-9E1F-315E-8D94-FF78D06FB01B}.Debug|x64.Build.0 = Debug|x64
		{42F07552-9E1F-315E-8D94-FF78D06FB01B}.Release|x64.ActiveCfg = Release|x64
		{42F07552-9E1F-315E-8D94-FF78D06FB01B}.Release|x64.Build.0 = Release|x64
		{42F07552-9E1F-315E-8D94-FF78D06FB01B}.MinSizeRel|x64.ActiveCfg = MinSizeRel|x64
		{42F07552-9E1F-315E-8D94-FF78D06FB01B}.MinSizeRel|x64.Build.0 = MinSizeRel|x64
		{42F07552-9E1F-315E-8D94-FF78D06FB01B}.RelWithDebInfo|x64.ActiveCfg = RelWithDebInfo|x64
		{42F07552-9E1F-315E-8D94-FF78D06FB01B}.RelWithDebInfo|x64.Build.0 = RelWithDebInfo|x64
		{30BAC6A5-FE98-354A-9D3F-EBC86D38B75F}.Debug|x64.ActiveCfg = Debug|x64
		{30BAC6A5-FE98-354A-9D3F-EBC86D38B75F}.Debug|x64.Build.0 = Debug|x64
		{30BAC6A5-FE98-354A-9D3F-EBC86D38B75F}.Release|x64.ActiveCfg = Release|x64
		{30BAC6A5-FE98-354A-9D3F-EBC86D38B75F}.Release|x64.Build.0 = Release|x64
		{30BAC6A5-FE98-354A-9D3F-EBC86D38B75F}.MinSizeRel|x64.ActiveCfg = MinSizeRel|x64
		{30BAC6A5-FE98-354A-9D3F-EBC86D38B75F}.MinSizeRel|x64.Build.0 = MinSizeRel|x64
		{30BAC6A5-FE98-354A-9D3F-EBC86D38B75F}.RelWithDebInfo|x64.ActiveCfg = RelWithDebInfo|x64
		{30BAC6A5-FE98-354A-9D3F-EBC86D38B75F}.RelWithDebInfo|x64.Build.0 = RelWithDebInfo|x64
		{2C4B5BD7-A772-3577-9362-A7967D1CC676}.Debug|x64.ActiveCfg = Debug|x64
		{2C4B5BD7-A772-3577-9362-A7967D1CC676}.Debug|x64.Build.0 = Debug|x64
		{2C4B5BD7-A772-3577-9362-A7967D1CC676}.Release|x64.ActiveCfg = Release|x64
		{2C4B5BD7-A772-3577-9362-A7967D1CC676}.Release|x64.Build.0 = Release|x64
		{2C4B5BD7-A772-3577-9362-A7967D1CC676}.MinSizeRel|x64.ActiveCfg = MinSizeRel|x64
		{2C4B5BD7-A772-3577-9362-A7967D1CC676}.MinSizeRel|x64.Build.0 = MinSizeRel|x64
		{2C4B5BD7-A772-3577-9362-A7967D1CC676}.RelWithDebInfo|x64.ActiveCfg = RelWithDebInfo|x64
		{2C4B5BD7-A772-3577-9362-A7967D1CC676}.RelWithDebInfo|x64.Build.0 = RelWithDebInfo|x64
		{8BC4F649-C335-3B95-B381-7A41463E59A5}.Debug|x64.ActiveCfg = Debug|x64
		{8BC4F649-C335-3B95-B381-7A41463E59A5}.Debug|x64.Build.0 = Debug|x64
		{8BC4F649-C335-3B95-B381-7A41463E59A5}.Release|x64.ActiveCfg = Release|x64
		{8BC4F649-C335-3B95-B381-7A41463E59A5}.Release|x64.Build.0 = Release|x64
		{8BC4F649-C335-3B95-B381-7A41463E59A5}.MinSizeRel|x64.ActiveCfg = MinSizeRel|x64
		{8BC4F649-C335-3B95-B381-7A41463E59A5}.MinSizeRel|x64.Build.0 = MinSizeRel|x64
		{8BC4F649-C335-3B95-B381-7A41463E59A5}.RelWithDebInfo|x64.ActiveCfg = RelWithDebInfo|x64
		{8BC4F649-C335-3B95-B381-7A41463E59A5}.RelWithDebInfo|x64.Build.0 = RelWithDebInfo|x64
		{CABA4CFE-6FDB-3319-85D8-A19B1691E33C}.Debug|x64.ActiveCfg = Debug|x64
		{CABA4CFE-6FDB-3319-85D8-A19B1691E33C}.Debug|x64.Build.0 = Debug|x64
		{CABA4CFE-6FDB-3319-85D8-A19B1691E33C}.Release|x64.ActiveCfg = Release|x64
		{CABA4CFE-6FDB-3319-85D8-A19B1691E33C}.Release|x64.Build.0 = Release|x64
		{CABA4CFE-6FDB-3319-85D8-A19B1691E33C}.MinSizeRel|x64.ActiveCfg = MinSizeRel|x64
		{CABA4CFE-6FDB-3319-85D8-A19B1691E33C}.MinSizeRel|x64.Build.0 = MinSizeRel|x64
		{CABA4CFE-6FDB-3319-85D8-A19B1691E33C}.RelWithDebInfo|x64.ActiveCfg = RelWithDebInfo|x64
		{CABA4CFE-6FDB-3319-85D8-A19B1691E33C}.RelWithDebInfo|x64.Build.0 = RelWithDebInfo|x64
		{8C59763B-8502-3B36-B2F8-28D4E34291B2}.Debug|x64.ActiveCfg = Debug|x64
		{8C59763B-8502-3B36-B2F8-28D4E34291B2}.Debug|x64.Build.0 = Debug|x64
		{8C59763B-8502-3B36-B2F8-28D4E34291B2}.Release|x64.ActiveCfg = Release|x64
		{8C59763B-8502-3B36-B2F8-28D4E34291B2}.Release|x64.Build.0 = Release|x64
		{8C59763B-8502-3B36-B2F8-28D4E34291B2}.MinSizeRel|x64.ActiveCfg = MinSizeRel|x64
		{8C59763B-8502-3B36-B2F8-28D4E34291B2}.MinSizeRel|x64.Build.0 = MinSizeRel|x64
		{8C59763B-8502-3B36-B2F8-28D4E34291B2}.RelWithDebInfo|x64.ActiveCfg = RelWithDebInfo|x64
		{8C59763B-8502-3B36-B2F8-28D4E34291B2}.RelWithDebInfo|x64.Build.0 = RelWithDebInfo|x64
		{B32779E0-0EBC-3801-8CA3-B2053E22D59E}.Debug|x64.ActiveCfg = Debug|x64
		{B32779E0-0EBC-3801-8CA3-B2053E22D59E}.Debug|x64.Build.0 = Debug|x64
		{B32779E0-0EBC-3801-8CA3-B2053E22D59E}.Release|x64.ActiveCfg = Release|x64
		{B32779E0-0EBC-3801-8CA3-B2053E22D59E}.Release|x64.Build.0 = Release|x64
		{B32779E0-0EBC-3801-8CA3-B2053E22D59E}.MinSizeRel|x64.ActiveCfg = MinSizeRel|x64
		{B32779E0-0EBC-3801-8CA3-B2053E22D59E}.MinSizeRel|x64.Build.0 = MinSizeRel|x64
		{B32779E0-0EBC-3801-8CA3-B2053E22D59E}.RelWithDebInfo|x64.ActiveCfg = RelWithDebInfo|x64
		{B32779E0-0EBC-3801-8CA3-B2053E22D59E}.RelWithDebInfo|x64.Build.0 = RelWithDebInfo|x64
		{9C27A73A-DFB8-369E-B13B-87183F40A625}.Debug|x64.ActiveCfg = Debug|x64
		{9C27A73A-DFB8-369E-B13B-87183F40A625}.Debug|x64.Build.0 = Debug|x64
		{9C27A73A-DFB8-369E-B13B-87183F40A625}.Release|x64.ActiveCfg = Release|x64
		{9C27A73A-DFB8-369E-B13B-87183F40A625}.Release|x64.Build.0 = Release|x64
		{9C27A73A-DFB8-369E-B13B-87183F40A625}.MinSizeRel|x64.ActiveCfg = MinSizeRel|x64
		{9C27A73A-DFB8-369E-B13B-87183F40A625}.MinSizeRel|x64.Build.0 = MinSizeRel|x64
		{9C27A73A-DFB8-369E-B13B-87183F40A625}.RelWithDebInfo|x64.ActiveCfg = RelWithDebInfo|x64
		{9C27A73A-DFB8-369E-B13B-87183F40A625}.RelWithDebInfo|x64.Build.0 = RelWithDebInfo|x64
		{8D84A866-F9CF-3EC0-A092-58C682A18695}.Debug|x64.ActiveCfg = Debug|x64
		{8D84A866-F9CF-3EC0-A092-58C682A18695}.Debug|x64.Build.0 = Debug|x64
		{8D84A866-F9CF-3EC0-A092-58C682A18695}.Release|x64.ActiveCfg = Release|x64
		{8D84A866-F9CF-3EC0-A092-58C682A18695}.Release|x64.Build.0 = Release|x64
		{8D84A866-F9CF-3EC0-A092-58C682A18695}.MinSizeRel|x64.ActiveCfg = MinSizeRel|x64
		{8D84A866-F9CF-3EC0-A092-58C682A18695}.MinSizeRel|x64.Build.0 = MinSizeRel|x64
		{8D84A866-F9CF-3EC0-A092-58C682A18695}.RelWithDebInfo|x64.ActiveCfg = RelWithDebInfo|x64
		{8D84A866-F9CF-3EC0-A092-58C682A18695}.RelWithDebInfo|x64.Build.0 = RelWithDebInfo|x64
		{E2E1E629-4CD7-3663-BB91-DFE94E7DC7E4}.Debug|x64.ActiveCfg = Debug|x64
		{E2E1E629-4CD7-3663-BB91-DFE94E7DC7E4}.Debug|x64.Build.0 = Debug|x64
		{E2E1E629-4CD7-3663-BB91-DFE94E7DC7E4}.Release|x64.ActiveCfg = Release|x64
		{E2E1E629-4CD7-3663-BB91-DFE94E7DC7E4}.Release|x64.Build.0 = Release|x64
		{E2E1E629-4CD7-3663-BB91-DFE94E7DC7E4}.MinSizeRel|x64.ActiveCfg = MinSizeRel|x64
		{E2E1E629-4CD7-3663-BB91-DFE94E7DC7E4}.MinSizeRel|x64.Build.0 = MinSizeRel|x64
		{E2E1E629-4CD7-3663-BB91-DFE94E7DC7E4}.RelWithDebInfo|x64.ActiveCfg = RelWithDebInfo|x64
		{E2E1E629-4CD7-3663-BB91-DFE94E7DC7E4}.RelWithDebInfo|x64.Build.0 = RelWithDebInfo|x64
		{733D0013-107A-3246-8EBE-1E3A86D0B4F3}.Debug|x64.ActiveCfg = Debug|x64
		{733D0013-107A-3246-8EBE-1E3A86D0B4F3}.Debug|x64.Build.0 = Debug|x64
		{733D0013-107A-3246-8EBE-1E3A86D0B4F3}.Release|x64.ActiveCfg = Release|x64
		{733D0013-107A-3246-8EBE-1E3A86D0B4F3}.Release|x64.Build.0 = Release|x64
		{733D0013-107A-3246-8EBE-1E3A86D0B4F3}.MinSizeRel|x64.ActiveCfg = MinSizeRel|x64
		{733D0013-107A-3246-8EBE-1E3A86D0B4F3}.MinSizeRel|x64.Build.0 = MinSizeRel|x64
		{733D0013-107A-3246-8EBE-1E3A86D0B4F3}.RelWithDebInfo|x64.ActiveCfg = RelWithDebInfo|x64
		{733D0013-107A-3246-8EBE-1E3A86D0B4F3}.RelWithDebInfo|x64.Build.0 = RelWithDebInfo|x64
		{47CE0035-781F-31EA-B985-05DA33F71B46}.Debug|x64.ActiveCfg = Debug|x64
		{47CE0035-781F-31EA-B985-05DA33F71B46}.Debug|x64.Build.0 = Debug|x64
		{47CE0035-781F-31EA-B985-05DA33F71B46}.Release|x64.ActiveCfg = Release|x64
		{47CE0035-781F-31EA-B985-05DA33F71B46}.Release|x64.Build.0 = Release|x64
		{47CE0035-781F-31EA-B985-05DA33F71B46}.MinSizeRel|x64.ActiveCfg = MinSizeRel|x64
		{47CE0035-781F-31EA-B985-05DA33F71B46}.MinSizeRel|x64.Build.0 = MinSizeRel|x64
		{47CE0035-781F-31EA-B985-05DA33F71B46}.RelWithDebInfo|x64.ActiveCfg = RelWithDebInfo|x64
		{47CE0035-781F-31EA-B985-05DA33F71B46}.RelWithDebInfo|x64.Build.0 = RelWithDebInfo|x64
		{E5A6BFC0-97F6-38EE-A720-44A8B9152E98}.Debug|x64.ActiveCfg = Debug|x64
		{E5A6BFC0-97F6-38EE-A720-44A8B9152E98}.Debug|x64.Build.0 = Debug|x64
		{E5A6BFC0-97F6-38EE-A720-44A8B9152E98}.Release|x64.ActiveCfg = Release|x64
		{E5A6BFC0-97F6-38EE-A720-44A8B9152E98}.Release|x64.Build.0 = Release|x64
		{E5A6BFC0-97F6-38EE-A720-44A8B9152E98}.MinSizeRel|x64.ActiveCfg = MinSizeRel|x64
		{E5A6BFC0-97F6-38EE-A720-44A8B9152E98}.MinSizeRel|x64.Build.0 = MinSizeRel|x64
		{E5A6BFC0-97F6-38EE-A720-44A8B9152E98}.RelWithDebInfo|x64.ActiveCfg = RelWithDebInfo|x64
		{E5A6BFC0-97F6-38EE-A720-44A8B9152E98}.RelWithDebInfo|x64.Build.0 = RelWithDebInfo|x64
		{D558DAD2-1210-351C-938B-8E91BD23D7E2}.Debug|x64.ActiveCfg = Debug|x64
		{D558DAD2-1210-351C-938B-8E91BD23D7E2}.Debug|x64.Build.0 = Debug|x64
		{D558DAD2-1210-351C-938B-8E91BD23D7E2}.Release|x64.ActiveCfg = Release|x64
		{D558DAD2-1210-351C-938B-8E91BD23D7E2}.Release|x64.Build.0 = Release|x64
		{D558DAD2-1210-351C-938B-8E91BD23D7E2}.MinSizeRel|x64.ActiveCfg = MinSizeRel|x64
		{D558DAD2-1210-351C-938B-8E91BD23D7E2}.MinSizeRel|x64.Build.0 = MinSizeRel|x64
		{D558DAD2-1210-351C-938B-8E91BD23D7E2}.RelWithDebInfo|x64.ActiveCfg = RelWithDebInfo|x64
		{D558DAD2-1210-351C-938B-8E91BD23D7E2}.RelWithDebInfo|x64.Build.0 = RelWithDebInfo|x64
		{5D6EE42F-E91D-3212-A738-4DE8575C8634}.Debug|x64.ActiveCfg = Debug|x64
		{5D6EE42F-E91D-3212-A738-4DE8575C8634}.Debug|x64.Build.0 = Debug|x64
		{5D6EE42F-E91D-3212-A738-4DE8575C8634}.Release|x64.ActiveCfg = Release|x64
		{5D6EE42F-E91D-3212-A738-4DE8575C8634}.Release|x64.Build.0 = Release|x64
		{5D6EE42F-E91D-3212-A738-4DE8575C8634}.MinSizeRel|x64.ActiveCfg = MinSizeRel|x64
		{5D6EE42F-E91D-3212-A738-4DE8575C8634}.MinSizeRel|x64.Build.0 = MinSizeRel|x64
		{5D6EE42F-E91D-3212-A738-4DE8575C8634}.RelWithDebInfo|x64.ActiveCfg = RelWithDebInfo|x64
		{5D6EE42F-E91D-3212-A738-4DE8575C8634}.RelWithDebInfo|x64.Build.0 = RelWithDebInfo|x64
	EndGlobalSection
	GlobalSection(ExtensibilityGlobals) = postSolution
		SolutionGuid = {A2855705-C125-3F0F-A3C4-7BC60BA924F3}
	EndGlobalSection
	GlobalSection(ExtensibilityAddIns) = postSolution
	EndGlobalSection
EndGlobal
