<?xml version="1.0" encoding="utf-8"?>
<Project ToolsVersion="17.0" xmlns="http://schemas.microsoft.com/developer/msbuild/2003">
  <ItemGroup>
    <ClCompile Include="C:\Users\ttn\Desktop\libtiff_visual_studio\tiff-4.4.0\port\getopt.c">
      <Filter>Source Files</Filter>
    </ClCompile>
  </ItemGroup>
  <ItemGroup>
    <ClInclude Include="C:\Users\ttn\Desktop\libtiff_visual_studio\tiff-4.4.0\placeholder.h">
      <Filter>Header Files</Filter>
    </ClInclude>
  </ItemGroup>
  <ItemGroup>
    <CustomBuild Include="C:\Users\ttn\Desktop\libtiff_visual_studio\tiff-4.4.0\port\CMakeLists.txt" />
  </ItemGroup>
  <ItemGroup>
    <Filter Include="Header Files">
      <UniqueIdentifier>{7F07E3F0-8622-3AA9-BCD1-20D64149788A}</UniqueIdentifier>
    </Filter>
    <Filter Include="Source Files">
      <UniqueIdentifier>{BF788C95-4973-39FB-A8C7-4DD408618853}</UniqueIdentifier>
    </Filter>
  </ItemGroup>
</Project>
